
Microsoft Visual Studio Solution File, Format Version 12.00
# Visual Studio Version 16
VisualStudioVersion = 16.0.30517.126
MinimumVisualStudioVersion = 10.0.40219.1
Project("{FAE04EC0-301F-11D3-BF4B-00C04F79EFBC}") = "Gestion_de_un_grupo_musical", "Gestion_de_un_grupo_musical\Gestion_de_un_grupo_musical.csproj", "{B24E1227-479F-4FFE-A6E7-63EDF21F3A3E}"
EndProject
Global
	GlobalSection(SolutionConfigurationPlatforms) = preSolution
		Debug|Any CPU = Debug|Any CPU
		Release|Any CPU = Release|Any CPU
	EndGlobalSection
	GlobalSection(ProjectConfigurationPlatforms) = postSolution
		{B24E1227-479F-4FFE-A6E7-63EDF21F3A3E}.Debug|Any CPU.ActiveCfg = Debug|Any CPU
		{B24E1227-479F-4FFE-A6E7-63EDF21F3A3E}.Debug|Any CPU.Build.0 = Debug|Any CPU
		{B24E1227-479F-4FFE-A6E7-63EDF21F3A3E}.Release|Any CPU.ActiveCfg = Release|Any CPU
		{B24E1227-479F-4FFE-A6E7-63EDF21F3A3E}.Release|Any CPU.Build.0 = Release|Any CPU
	EndGlobalSection
	GlobalSection(SolutionProperties) = preSolution
		HideSolutionNode = FALSE
	EndGlobalSection
	GlobalSection(ExtensibilityGlobals) = postSolution
		SolutionGuid = {DE2359FA-21E0-4883-BAEF-14AEAD86894A}
	EndGlobalSection
EndGlobal
